<?xml version="1.0" encoding="utf-8"?>
<Project ToolsVersion="4.0" xmlns="http://schemas.microsoft.com/developer/msbuild/2003">
  <ItemGroup>
    <ClCompile Include="main.cpp">
      <Filter>Source Files</Filter>
    </ClCompile>
    <ClCompile Include="UnitTests.cpp">
      <Filter>Source Files</Filter>
    </ClCompile>
  </ItemGroup>
  <ItemGroup>
    <ClInclude Include="UnitTests.h">
      <Filter>Header Files</Filter>
    </ClInclude>
    <ClInclude Include="TriangleTests.h">
      <Filter>Header Files</Filter>
    </ClInclude>
    <ClInclude Include="PolygonTests.h">
      <Filter>Header Files</Filter>
    </ClInclude>
    <ClInclude Include="PointTests.h">
      <Filter>Header Files</Filter>
    </ClInclude>
    <ClInclude Include="PerformanceTests.h">
      <Filter>Header Files</Filter>
    </ClInclude>
    <ClInclude Include="MeshTests.h">
      <Filter>Header Files</Filter>
    </ClInclude>
    <ClInclude Include="LinearAlgebraTests.h">
      <Filter>Header Files</Filter>
    </ClInclude>
    <ClInclude Include="AABBTest.h">
      <Filter>Header Files</Filter>
    </ClInclude>
  </ItemGroup>
  <ItemGroup>
    <Filter Include="Header Files">
      <UniqueIdentifier>{9a84063a-7856-434e-9782-f72cedf977bb}</UniqueIdentifier>
    </Filter>
    <Filter Include="Source Files">
      <UniqueIdentifier>{afe790f5-b7c7-434b-9801-732d2bcdc3e6}</UniqueIdentifier>
    </Filter>
  </ItemGroup>
</Project>