<?xml version="1.0" encoding="utf-8"?>
<Project ToolsVersion="4.0" xmlns="http://schemas.microsoft.com/developer/msbuild/2003">
  <ItemGroup>
    <ClCompile Include="main.cpp" />
    <ClCompile Include="UnitTests.cpp" />
  </ItemGroup>
  <ItemGroup>
    <ClInclude Include="LinearAlgebraTests.h" />
    <ClInclude Include="PerformanceTests.h" />
    <ClInclude Include="PointTests.h" />
    <ClInclude Include="PolygonTests.h" />
    <ClInclude Include="UnitTests.h" />
    <ClInclude Include="MeshTests.h" />
    <ClInclude Include="TriangleTests.h" />
  </ItemGroup>
</Project>