<?xml version="1.0" encoding="utf-8"?>
<Project ToolsVersion="4.0" xmlns="http://schemas.microsoft.com/developer/msbuild/2003">
  <ItemGroup>
    <ClCompile Include="main.cpp">
      <Filter>Source Files</Filter>
    </ClCompile>
    <ClCompile Include="UnitTests.cpp">
      <Filter>Source Files</Filter>
    </ClCompile>
  </ItemGroup>
  <ItemGroup>
    <ClInclude Include="LinearAlgebraTests.h">
      <Filter>Header Files</Filter>
    </ClInclude>
    <ClInclude Include="MeshTests.h">
      <Filter>Header Files</Filter>
    </ClInclude>
    <ClInclude Include="PerformanceTests.h">
      <Filter>Header Files</Filter>
    </ClInclude>
    <ClInclude Include="PointTests.h">
      <Filter>Header Files</Filter>
    </ClInclude>
    <ClInclude Include="PolygonTests.h">
      <Filter>Header Files</Filter>
    </ClInclude>
    <ClInclude Include="UnitTests.h">
      <Filter>Header Files</Filter>
    </ClInclude>
  </ItemGroup>
  <ItemGroup>
    <Filter Include="Header Files">
      <UniqueIdentifier>{095c704e-8e0f-40b7-a207-58125ce80046}</UniqueIdentifier>
    </Filter>
    <Filter Include="Source Files">
      <UniqueIdentifier>{1cc3035d-e4c3-4a98-a35a-752f9f45a434}</UniqueIdentifier>
    </Filter>
  </ItemGroup>
</Project>